
Microsoft Visual Studio Solution File, Format Version 12.00
# Visual Studio 15
VisualStudioVersion = 15.0.27130.2003
MinimumVisualStudioVersion = 10.0.40219.1
Project("{9A19103F-16F7-4668-BE54-9A1E7A4F7556}") = "Data.Entity", "Data.Entity\Data.Entity.csproj", "{65F4B19C-F4B1-4E9F-825D-38B372BCAC52}"
EndProject
Project("{9A19103F-16F7-4668-BE54-9A1E7A4F7556}") = "Data.DB", "Data.DB\Data.DB.csproj", "{85BEF7FC-8741-4378-870C-1957A116D183}"
EndProject
Project("{9A19103F-16F7-4668-BE54-9A1E7A4F7556}") = "MoviesWEbAppApi", "MoviesWEbAppApi\MoviesWEbAppApi.csproj", "{CFB9AD0D-D772-45F9-89EB-14CCB583174B}"
EndProject
Project("{FAE04EC0-301F-11D3-BF4B-00C04F79EFBC}") = "Common", "Common\Common.csproj", "{86BED828-EE4A-4937-B6DE-808D05C98580}"
EndProject
Global
	GlobalSection(SolutionConfigurationPlatforms) = preSolution
		Debug|Any CPU = Debug|Any CPU
		Release|Any CPU = Release|Any CPU
	EndGlobalSection
	GlobalSection(ProjectConfigurationPlatforms) = postSolution
		{65F4B19C-F4B1-4E9F-825D-38B372BCAC52}.Debug|Any CPU.ActiveCfg = Debug|Any CPU
		{65F4B19C-F4B1-4E9F-825D-38B372BCAC52}.Debug|Any CPU.Build.0 = Debug|Any CPU
		{65F4B19C-F4B1-4E9F-825D-38B372BCAC52}.Release|Any CPU.ActiveCfg = Release|Any CPU
		{65F4B19C-F4B1-4E9F-825D-38B372BCAC52}.Release|Any CPU.Build.0 = Release|Any CPU
		{85BEF7FC-8741-4378-870C-1957A116D183}.Debug|Any CPU.ActiveCfg = Debug|Any CPU
		{85BEF7FC-8741-4378-870C-1957A116D183}.Debug|Any CPU.Build.0 = Debug|Any CPU
		{85BEF7FC-8741-4378-870C-1957A116D183}.Release|Any CPU.ActiveCfg = Release|Any CPU
		{85BEF7FC-8741-4378-870C-1957A116D183}.Release|Any CPU.Build.0 = Release|Any CPU
		{CFB9AD0D-D772-45F9-89EB-14CCB583174B}.Debug|Any CPU.ActiveCfg = Debug|Any CPU
		{CFB9AD0D-D772-45F9-89EB-14CCB583174B}.Debug|Any CPU.Build.0 = Debug|Any CPU
		{CFB9AD0D-D772-45F9-89EB-14CCB583174B}.Release|Any CPU.ActiveCfg = Release|Any CPU
		{CFB9AD0D-D772-45F9-89EB-14CCB583174B}.Release|Any CPU.Build.0 = Release|Any CPU
		{86BED828-EE4A-4937-B6DE-808D05C98580}.Debug|Any CPU.ActiveCfg = Debug|Any CPU
		{86BED828-EE4A-4937-B6DE-808D05C98580}.Debug|Any CPU.Build.0 = Debug|Any CPU
		{86BED828-EE4A-4937-B6DE-808D05C98580}.Release|Any CPU.ActiveCfg = Release|Any CPU
		{86BED828-EE4A-4937-B6DE-808D05C98580}.Release|Any CPU.Build.0 = Release|Any CPU
	EndGlobalSection
	GlobalSection(SolutionProperties) = preSolution
		HideSolutionNode = FALSE
	EndGlobalSection
	GlobalSection(ExtensibilityGlobals) = postSolution
		SolutionGuid = {ECE68460-AB80-41E6-A4CF-B9124C135C62}
	EndGlobalSection
EndGlobal
